
Microsoft Visual Studio Solution File, Format Version 12.00
# Visual Studio 2013
VisualStudioVersion = 12.0.31101.0
MinimumVisualStudioVersion = 10.0.40219.1
Project("{FAE04EC0-301F-11D3-BF4B-00C04F79EFBC}") = "ArchX", "ArchX\ArchX.csproj", "{65BB2951-1CBE-4470-9743-402DFF90F638}"
EndProject
Project("{FAE04EC0-301F-11D3-BF4B-00C04F79EFBC}") = "ArchX.Controls", "ArchX.Controls\ArchX.Controls.csproj", "{BBFA6E72-0399-4D6C-9090-9C6BB31B37CD}"
EndProject
Project("{2150E333-8FDC-42A3-9474-1A3956D46DE8}") = ".nuget", ".nuget", "{4C62244D-D50F-4C9E-B6E7-CFECCD1CF0EE}"
	ProjectSection(SolutionItems) = preProject
		.nuget\NuGet.Config = .nuget\NuGet.Config
		.nuget\NuGet.exe = .nuget\NuGet.exe
		.nuget\NuGet.targets = .nuget\NuGet.targets
	EndProjectSection
EndProject
Global
	GlobalSection(TeamFoundationVersionControl) = preSolution
		SccNumberOfProjects = 3
		SccEnterpriseProvider = {4CA58AB2-18FA-4F8D-95D4-32DDF27D184C}
		SccTeamFoundationServer = https://tfs.codeplex.com/tfs/tfs08
		SccLocalPath0 = .
		SccProjectUniqueName1 = ArchX.Controls\\ArchX.Controls.csproj
		SccProjectName1 = ArchX.Controls
		SccLocalPath1 = ArchX.Controls
		SccProjectUniqueName2 = ArchX\\ArchX.csproj
		SccProjectName2 = ArchX
		SccLocalPath2 = ArchX
	EndGlobalSection
	GlobalSection(SolutionConfigurationPlatforms) = preSolution
		Debug|Any CPU = Debug|Any CPU
		Release|Any CPU = Release|Any CPU
	EndGlobalSection
	GlobalSection(ProjectConfigurationPlatforms) = postSolution
		{65BB2951-1CBE-4470-9743-402DFF90F638}.Debug|Any CPU.ActiveCfg = Debug|Any CPU
		{65BB2951-1CBE-4470-9743-402DFF90F638}.Debug|Any CPU.Build.0 = Debug|Any CPU
		{65BB2951-1CBE-4470-9743-402DFF90F638}.Release|Any CPU.ActiveCfg = Release|Any CPU
		{65BB2951-1CBE-4470-9743-402DFF90F638}.Release|Any CPU.Build.0 = Release|Any CPU
		{BBFA6E72-0399-4D6C-9090-9C6BB31B37CD}.Debug|Any CPU.ActiveCfg = Debug|Any CPU
		{BBFA6E72-0399-4D6C-9090-9C6BB31B37CD}.Debug|Any CPU.Build.0 = Debug|Any CPU
		{BBFA6E72-0399-4D6C-9090-9C6BB31B37CD}.Release|Any CPU.ActiveCfg = Release|Any CPU
		{BBFA6E72-0399-4D6C-9090-9C6BB31B37CD}.Release|Any CPU.Build.0 = Release|Any CPU
	EndGlobalSection
	GlobalSection(SolutionProperties) = preSolution
		HideSolutionNode = FALSE
	EndGlobalSection
EndGlobal
